
Microsoft Visual Studio Solution File, Format Version 12.00
# Visual Studio Version 17
VisualStudioVersion = 17.3.32819.101
MinimumVisualStudioVersion = 10.0.40219.1
Project("{FAE04EC0-301F-11D3-BF4B-00C04F79EFBC}") = "ThomasMathers.Infrastructure.IAM.Data", "ThomasMathers.Infrastructure.IAM.Data\ThomasMathers.Infrastructure.IAM.Data.csproj", "{D652D6C0-0ED2-40E0-88F0-2C4442DC4A10}"
EndProject
Global
	GlobalSection(SolutionConfigurationPlatforms) = preSolution
		Debug|Any CPU = Debug|Any CPU
		Release|Any CPU = Release|Any CPU
	EndGlobalSection
	GlobalSection(ProjectConfigurationPlatforms) = postSolution
		{D652D6C0-0ED2-40E0-88F0-2C4442DC4A10}.Debug|Any CPU.ActiveCfg = Debug|Any CPU
		{D652D6C0-0ED2-40E0-88F0-2C4442DC4A10}.Debug|Any CPU.Build.0 = Debug|Any CPU
		{D652D6C0-0ED2-40E0-88F0-2C4442DC4A10}.Release|Any CPU.ActiveCfg = Release|Any CPU
		{D652D6C0-0ED2-40E0-88F0-2C4442DC4A10}.Release|Any CPU.Build.0 = Release|Any CPU
	EndGlobalSection
	GlobalSection(SolutionProperties) = preSolution
		HideSolutionNode = FALSE
	EndGlobalSection
	GlobalSection(ExtensibilityGlobals) = postSolution
		SolutionGuid = {3A903CE9-C543-449D-8722-29178FB5D6CC}
	EndGlobalSection
EndGlobal
